// !$*UTF8*$!
{
	archiveVersion = 1;
	classes = {
	};
	objectVersion = 46;
	objects = {

/* Begin PBXBuildFile section */
		15E649D01DF6927C008779EA /* main.m in Sources */ = {isa = PBXBuildFile; fileRef = 15E649CF1DF6927C008779EA /* main.m */; };
		15E649D31DF6927C008779EA /* AppDelegate.m in Sources */ = {isa = PBXBuildFile; fileRef = 15E649D21DF6927C008779EA /* AppDelegate.m */; };
		15E649D91DF6927C008779EA /* Main.storyboard in Resources */ = {isa = PBXBuildFile; fileRef = 15E649D71DF6927C008779EA /* Main.storyboard */; };
		15E649DC1DF6927C008779EA /* UserManagement.xcdatamodeld in Sources */ = {isa = PBXBuildFile; fileRef = 15E649DA1DF6927C008779EA /* UserManagement.xcdatamodeld */; };
		15E649DE1DF6927C008779EA /* Assets.xcassets in Resources */ = {isa = PBXBuildFile; fileRef = 15E649DD1DF6927C008779EA /* Assets.xcassets */; };
		15E649E11DF6927C008779EA /* LaunchScreen.storyboard in Resources */ = {isa = PBXBuildFile; fileRef = 15E649DF1DF6927C008779EA /* LaunchScreen.storyboard */; };
		15E649EC1DF6927C008779EA /* UserManagementTests.m in Sources */ = {isa = PBXBuildFile; fileRef = 15E649EB1DF6927C008779EA /* UserManagementTests.m */; };
		15E649F71DF6927C008779EA /* UserManagementUITests.m in Sources */ = {isa = PBXBuildFile; fileRef = 15E649F61DF6927C008779EA /* UserManagementUITests.m */; };
		15E64A071DF69543008779EA /* AddUserViewController.m in Sources */ = {isa = PBXBuildFile; fileRef = 15E64A061DF69543008779EA /* AddUserViewController.m */; };
		15E64A0B1DF696D5008779EA /* UIColor+UserAdditions.m in Sources */ = {isa = PBXBuildFile; fileRef = 15E64A0A1DF696D5008779EA /* UIColor+UserAdditions.m */; };
		15E64A0E1DF6BD15008779EA /* ViewController.m in Sources */ = {isa = PBXBuildFile; fileRef = 15E64A0D1DF6BD15008779EA /* ViewController.m */; };
		15E64A191DF6DD94008779EA /* UserListTableViewCell.m in Sources */ = {isa = PBXBuildFile; fileRef = 15E64A181DF6DD94008779EA /* UserListTableViewCell.m */; };
		15E64A1C1DF6E44E008779EA /* UtilityFactory.m in Sources */ = {isa = PBXBuildFile; fileRef = 15E64A1B1DF6E44E008779EA /* UtilityFactory.m */; };
		15E64A241DF6F50C008779EA /* User+CoreDataProperties.m in Sources */ = {isa = PBXBuildFile; fileRef = 15E64A211DF6F50C008779EA /* User+CoreDataProperties.m */; };
		15E64A251DF6F50C008779EA /* User.m in Sources */ = {isa = PBXBuildFile; fileRef = 15E64A231DF6F50C008779EA /* User.m */; };
/* End PBXBuildFile section */

/* Begin PBXContainerItemProxy section */
		15E649E81DF6927C008779EA /* PBXContainerItemProxy */ = {
			isa = PBXContainerItemProxy;
			containerPortal = 15E649C31DF6927C008779EA /* Project object */;
			proxyType = 1;
			remoteGlobalIDString = 15E649CA1DF6927C008779EA;
			remoteInfo = UserManagement;
		};
		15E649F31DF6927C008779EA /* PBXContainerItemProxy */ = {
			isa = PBXContainerItemProxy;
			containerPortal = 15E649C31DF6927C008779EA /* Project object */;
			proxyType = 1;
			remoteGlobalIDString = 15E649CA1DF6927C008779EA;
			remoteInfo = UserManagement;
		};
/* End PBXContainerItemProxy section */

/* Begin PBXFileReference section */
		15E649CB1DF6927C008779EA /* UserManagement.app */ = {isa = PBXFileReference; explicitFileType = wrapper.application; includeInIndex = 0; path = UserManagement.app; sourceTree = BUILT_PRODUCTS_DIR; };
		15E649CF1DF6927C008779EA /* main.m */ = {isa = PBXFileReference; lastKnownFileType = sourcecode.c.objc; path = main.m; sourceTree = "<group>"; };
		15E649D11DF6927C008779EA /* AppDelegate.h */ = {isa = PBXFileReference; lastKnownFileType = sourcecode.c.h; path = AppDelegate.h; sourceTree = "<group>"; };
		15E649D21DF6927C008779EA /* AppDelegate.m */ = {isa = PBXFileReference; lastKnownFileType = sourcecode.c.objc; path = AppDelegate.m; sourceTree = "<group>"; };
		15E649D81DF6927C008779EA /* Base */ = {isa = PBXFileReference; lastKnownFileType = file.storyboard; name = Base; path = Base.lproj/Main.storyboard; sourceTree = "<group>"; };
		15E649DB1DF6927C008779EA /* UserManagement.xcdatamodel */ = {isa = PBXFileReference; lastKnownFileType = wrapper.xcdatamodel; path = UserManagement.xcdatamodel; sourceTree = "<group>"; };
		15E649DD1DF6927C008779EA /* Assets.xcassets */ = {isa = PBXFileReference; lastKnownFileType = folder.assetcatalog; path = Assets.xcassets; sourceTree = "<group>"; };
		15E649E01DF6927C008779EA /* Base */ = {isa = PBXFileReference; lastKnownFileType = file.storyboard; name = Base; path = Base.lproj/LaunchScreen.storyboard; sourceTree = "<group>"; };
		15E649E21DF6927C008779EA /* Info.plist */ = {isa = PBXFileReference; lastKnownFileType = text.plist.xml; path = Info.plist; sourceTree = "<group>"; };
		15E649E71DF6927C008779EA /* UserManagementTests.xctest */ = {isa = PBXFileReference; explicitFileType = wrapper.cfbundle; includeInIndex = 0; path = UserManagementTests.xctest; sourceTree = BUILT_PRODUCTS_DIR; };
		15E649EB1DF6927C008779EA /* UserManagementTests.m */ = {isa = PBXFileReference; lastKnownFileType = sourcecode.c.objc; path = UserManagementTests.m; sourceTree = "<group>"; };
		15E649ED1DF6927C008779EA /* Info.plist */ = {isa = PBXFileReference; lastKnownFileType = text.plist.xml; path = Info.plist; sourceTree = "<group>"; };
		15E649F21DF6927C008779EA /* UserManagementUITests.xctest */ = {isa = PBXFileReference; explicitFileType = wrapper.cfbundle; includeInIndex = 0; path = UserManagementUITests.xctest; sourceTree = BUILT_PRODUCTS_DIR; };
		15E649F61DF6927C008779EA /* UserManagementUITests.m */ = {isa = PBXFileReference; lastKnownFileType = sourcecode.c.objc; path = UserManagementUITests.m; sourceTree = "<group>"; };
		15E649F81DF6927C008779EA /* Info.plist */ = {isa = PBXFileReference; lastKnownFileType = text.plist.xml; path = Info.plist; sourceTree = "<group>"; };
		15E64A051DF69543008779EA /* AddUserViewController.h */ = {isa = PBXFileReference; fileEncoding = 4; lastKnownFileType = sourcecode.c.h; path = AddUserViewController.h; sourceTree = "<group>"; };
		15E64A061DF69543008779EA /* AddUserViewController.m */ = {isa = PBXFileReference; fileEncoding = 4; lastKnownFileType = sourcecode.c.objc; path = AddUserViewController.m; sourceTree = "<group>"; };
		15E64A091DF696D5008779EA /* UIColor+UserAdditions.h */ = {isa = PBXFileReference; fileEncoding = 4; lastKnownFileType = sourcecode.c.h; path = "UIColor+UserAdditions.h"; sourceTree = "<group>"; };
		15E64A0A1DF696D5008779EA /* UIColor+UserAdditions.m */ = {isa = PBXFileReference; fileEncoding = 4; lastKnownFileType = sourcecode.c.objc; path = "UIColor+UserAdditions.m"; sourceTree = "<group>"; };
		15E64A0C1DF6BD15008779EA /* ViewController.h */ = {isa = PBXFileReference; fileEncoding = 4; lastKnownFileType = sourcecode.c.h; path = ViewController.h; sourceTree = "<group>"; };
		15E64A0D1DF6BD15008779EA /* ViewController.m */ = {isa = PBXFileReference; fileEncoding = 4; lastKnownFileType = sourcecode.c.objc; path = ViewController.m; sourceTree = "<group>"; };
		15E64A171DF6DD94008779EA /* UserListTableViewCell.h */ = {isa = PBXFileReference; fileEncoding = 4; lastKnownFileType = sourcecode.c.h; path = UserListTableViewCell.h; sourceTree = "<group>"; };
		15E64A181DF6DD94008779EA /* UserListTableViewCell.m */ = {isa = PBXFileReference; fileEncoding = 4; lastKnownFileType = sourcecode.c.objc; path = UserListTableViewCell.m; sourceTree = "<group>"; };
		15E64A1A1DF6E44E008779EA /* UtilityFactory.h */ = {isa = PBXFileReference; fileEncoding = 4; lastKnownFileType = sourcecode.c.h; path = UtilityFactory.h; sourceTree = "<group>"; };
		15E64A1B1DF6E44E008779EA /* UtilityFactory.m */ = {isa = PBXFileReference; fileEncoding = 4; lastKnownFileType = sourcecode.c.objc; path = UtilityFactory.m; sourceTree = "<group>"; };
		15E64A201DF6F50C008779EA /* User+CoreDataProperties.h */ = {isa = PBXFileReference; fileEncoding = 4; lastKnownFileType = sourcecode.c.h; path = "User+CoreDataProperties.h"; sourceTree = "<group>"; };
		15E64A211DF6F50C008779EA /* User+CoreDataProperties.m */ = {isa = PBXFileReference; fileEncoding = 4; lastKnownFileType = sourcecode.c.objc; path = "User+CoreDataProperties.m"; sourceTree = "<group>"; };
		15E64A221DF6F50C008779EA /* User.h */ = {isa = PBXFileReference; fileEncoding = 4; lastKnownFileType = sourcecode.c.h; path = User.h; sourceTree = "<group>"; };
		15E64A231DF6F50C008779EA /* User.m */ = {isa = PBXFileReference; fileEncoding = 4; lastKnownFileType = sourcecode.c.objc; path = User.m; sourceTree = "<group>"; };
/* End PBXFileReference section */

/* Begin PBXFrameworksBuildPhase section */
		15E649C81DF6927C008779EA /* Frameworks */ = {
			isa = PBXFrameworksBuildPhase;
			buildActionMask = 2147483647;
			files = (
			);
			runOnlyForDeploymentPostprocessing = 0;
		};
		15E649E41DF6927C008779EA /* Frameworks */ = {
			isa = PBXFrameworksBuildPhase;
			buildActionMask = 2147483647;
			files = (
			);
			runOnlyForDeploymentPostprocessing = 0;
		};
		15E649EF1DF6927C008779EA /* Frameworks */ = {
			isa = PBXFrameworksBuildPhase;
			buildActionMask = 2147483647;
			files = (
			);
			runOnlyForDeploymentPostprocessing = 0;
		};
/* End PBXFrameworksBuildPhase section */

/* Begin PBXGroup section */
		15E649C21DF6927C008779EA = {
			isa = PBXGroup;
			children = (
				15E649CD1DF6927C008779EA /* UserManagement */,
				15E649EA1DF6927C008779EA /* UserManagementTests */,
				15E649F51DF6927C008779EA /* UserManagementUITests */,
				15E649CC1DF6927C008779EA /* Products */,
			);
			sourceTree = "<group>";
		};
		15E649CC1DF6927C008779EA /* Products */ = {
			isa = PBXGroup;
			children = (
				15E649CB1DF6927C008779EA /* UserManagement.app */,
				15E649E71DF6927C008779EA /* UserManagementTests.xctest */,
				15E649F21DF6927C008779EA /* UserManagementUITests.xctest */,
			);
			name = Products;
			sourceTree = "<group>";
		};
		15E649CD1DF6927C008779EA /* UserManagement */ = {
			isa = PBXGroup;
			children = (
				15E64A161DF6DD7D008779EA /* CustomTableviewCells */,
				15E64A0F1DF6C890008779EA /* ModalClasess */,
				15E64A081DF69688008779EA /* Utilities */,
				15E64A041DF6951C008779EA /* ViewControllers */,
				15E649D11DF6927C008779EA /* AppDelegate.h */,
				15E649D21DF6927C008779EA /* AppDelegate.m */,
				15E649D71DF6927C008779EA /* Main.storyboard */,
				15E649DD1DF6927C008779EA /* Assets.xcassets */,
				15E649DF1DF6927C008779EA /* LaunchScreen.storyboard */,
				15E649E21DF6927C008779EA /* Info.plist */,
				15E649DA1DF6927C008779EA /* UserManagement.xcdatamodeld */,
				15E649CE1DF6927C008779EA /* Supporting Files */,
			);
			path = UserManagement;
			sourceTree = "<group>";
		};
		15E649CE1DF6927C008779EA /* Supporting Files */ = {
			isa = PBXGroup;
			children = (
				15E649CF1DF6927C008779EA /* main.m */,
			);
			name = "Supporting Files";
			sourceTree = "<group>";
		};
		15E649EA1DF6927C008779EA /* UserManagementTests */ = {
			isa = PBXGroup;
			children = (
				15E649EB1DF6927C008779EA /* UserManagementTests.m */,
				15E649ED1DF6927C008779EA /* Info.plist */,
			);
			path = UserManagementTests;
			sourceTree = "<group>";
		};
		15E649F51DF6927C008779EA /* UserManagementUITests */ = {
			isa = PBXGroup;
			children = (
				15E649F61DF6927C008779EA /* UserManagementUITests.m */,
				15E649F81DF6927C008779EA /* Info.plist */,
			);
			path = UserManagementUITests;
			sourceTree = "<group>";
		};
		15E64A041DF6951C008779EA /* ViewControllers */ = {
			isa = PBXGroup;
			children = (
				15E64A0C1DF6BD15008779EA /* ViewController.h */,
				15E64A0D1DF6BD15008779EA /* ViewController.m */,
				15E64A051DF69543008779EA /* AddUserViewController.h */,
				15E64A061DF69543008779EA /* AddUserViewController.m */,
			);
			path = ViewControllers;
			sourceTree = "<group>";
		};
		15E64A081DF69688008779EA /* Utilities */ = {
			isa = PBXGroup;
			children = (
				15E64A091DF696D5008779EA /* UIColor+UserAdditions.h */,
				15E64A0A1DF696D5008779EA /* UIColor+UserAdditions.m */,
				15E64A1A1DF6E44E008779EA /* UtilityFactory.h */,
				15E64A1B1DF6E44E008779EA /* UtilityFactory.m */,
			);
			path = Utilities;
			sourceTree = "<group>";
		};
		15E64A0F1DF6C890008779EA /* ModalClasess */ = {
			isa = PBXGroup;
			children = (
				15E64A201DF6F50C008779EA /* User+CoreDataProperties.h */,
				15E64A211DF6F50C008779EA /* User+CoreDataProperties.m */,
				15E64A221DF6F50C008779EA /* User.h */,
				15E64A231DF6F50C008779EA /* User.m */,
			);
			path = ModalClasess;
			sourceTree = "<group>";
		};
		15E64A161DF6DD7D008779EA /* CustomTableviewCells */ = {
			isa = PBXGroup;
			children = (
				15E64A171DF6DD94008779EA /* UserListTableViewCell.h */,
				15E64A181DF6DD94008779EA /* UserListTableViewCell.m */,
			);
			path = CustomTableviewCells;
			sourceTree = "<group>";
		};
/* End PBXGroup section */

/* Begin PBXNativeTarget section */
		15E649CA1DF6927C008779EA /* UserManagement */ = {
			isa = PBXNativeTarget;
			buildConfigurationList = 15E649FB1DF6927C008779EA /* Build configuration list for PBXNativeTarget "UserManagement" */;
			buildPhases = (
				15E649C71DF6927C008779EA /* Sources */,
				15E649C81DF6927C008779EA /* Frameworks */,
				15E649C91DF6927C008779EA /* Resources */,
			);
			buildRules = (
			);
			dependencies = (
			);
			name = UserManagement;
			productName = UserManagement;
			productReference = 15E649CB1DF6927C008779EA /* UserManagement.app */;
			productType = "com.apple.product-type.application";
		};
		15E649E61DF6927C008779EA /* UserManagementTests */ = {
			isa = PBXNativeTarget;
			buildConfigurationList = 15E649FE1DF6927C008779EA /* Build configuration list for PBXNativeTarget "UserManagementTests" */;
			buildPhases = (
				15E649E31DF6927C008779EA /* Sources */,
				15E649E41DF6927C008779EA /* Frameworks */,
				15E649E51DF6927C008779EA /* Resources */,
			);
			buildRules = (
			);
			dependencies = (
				15E649E91DF6927C008779EA /* PBXTargetDependency */,
			);
			name = UserManagementTests;
			productName = UserManagementTests;
			productReference = 15E649E71DF6927C008779EA /* UserManagementTests.xctest */;
			productType = "com.apple.product-type.bundle.unit-test";
		};
		15E649F11DF6927C008779EA /* UserManagementUITests */ = {
			isa = PBXNativeTarget;
			buildConfigurationList = 15E64A011DF6927C008779EA /* Build configuration list for PBXNativeTarget "UserManagementUITests" */;
			buildPhases = (
				15E649EE1DF6927C008779EA /* Sources */,
				15E649EF1DF6927C008779EA /* Frameworks */,
				15E649F01DF6927C008779EA /* Resources */,
			);
			buildRules = (
			);
			dependencies = (
				15E649F41DF6927C008779EA /* PBXTargetDependency */,
			);
			name = UserManagementUITests;
			productName = UserManagementUITests;
			productReference = 15E649F21DF6927C008779EA /* UserManagementUITests.xctest */;
			productType = "com.apple.product-type.bundle.ui-testing";
		};
/* End PBXNativeTarget section */

/* Begin PBXProject section */
		15E649C31DF6927C008779EA /* Project object */ = {
			isa = PBXProject;
			attributes = {
				LastUpgradeCheck = 0730;
				ORGANIZATIONNAME = "innoplexus india";
				TargetAttributes = {
					15E649CA1DF6927C008779EA = {
						CreatedOnToolsVersion = 7.3.1;
						DevelopmentTeam = ENS6FPPJ4M;
					};
					15E649E61DF6927C008779EA = {
						CreatedOnToolsVersion = 7.3.1;
						TestTargetID = 15E649CA1DF6927C008779EA;
					};
					15E649F11DF6927C008779EA = {
						CreatedOnToolsVersion = 7.3.1;
						TestTargetID = 15E649CA1DF6927C008779EA;
					};
				};
			};
			buildConfigurationList = 15E649C61DF6927C008779EA /* Build configuration list for PBXProject "UserManagement" */;
			compatibilityVersion = "Xcode 3.2";
			developmentRegion = English;
			hasScannedForEncodings = 0;
			knownRegions = (
				en,
				Base,
			);
			mainGroup = 15E649C21DF6927C008779EA;
			productRefGroup = 15E649CC1DF6927C008779EA /* Products */;
			projectDirPath = "";
			projectRoot = "";
			targets = (
				15E649CA1DF6927C008779EA /* UserManagement */,
				15E649E61DF6927C008779EA /* UserManagementTests */,
				15E649F11DF6927C008779EA /* UserManagementUITests */,
			);
		};
/* End PBXProject section */

/* Begin PBXResourcesBuildPhase section */
		15E649C91DF6927C008779EA /* Resources */ = {
			isa = PBXResourcesBuildPhase;
			buildActionMask = 2147483647;
			files = (
				15E649E11DF6927C008779EA /* LaunchScreen.storyboard in Resources */,
				15E649DE1DF6927C008779EA /* Assets.xcassets in Resources */,
				15E649D91DF6927C008779EA /* Main.storyboard in Resources */,
			);
			runOnlyForDeploymentPostprocessing = 0;
		};
		15E649E51DF6927C008779EA /* Resources */ = {
			isa = PBXResourcesBuildPhase;
			buildActionMask = 2147483647;
			files = (
			);
			runOnlyForDeploymentPostprocessing = 0;
		};
		15E649F01DF6927C008779EA /* Resources */ = {
			isa = PBXResourcesBuildPhase;
			buildActionMask = 2147483647;
			files = (
			);
			runOnlyForDeploymentPostprocessing = 0;
		};
/* End PBXResourcesBuildPhase section */

/* Begin PBXSourcesBuildPhase section */
		15E649C71DF6927C008779EA /* Sources */ = {
			isa = PBXSourcesBuildPhase;
			buildActionMask = 2147483647;
			files = (
				15E64A251DF6F50C008779EA /* User.m in Sources */,
				15E64A191DF6DD94008779EA /* UserListTableViewCell.m in Sources */,
				15E64A0E1DF6BD15008779EA /* ViewController.m in Sources */,
				15E64A0B1DF696D5008779EA /* UIColor+UserAdditions.m in Sources */,
				15E64A241DF6F50C008779EA /* User+CoreDataProperties.m in Sources */,
				15E64A071DF69543008779EA /* AddUserViewController.m in Sources */,
				15E649D31DF6927C008779EA /* AppDelegate.m in Sources */,
				15E64A1C1DF6E44E008779EA /* UtilityFactory.m in Sources */,
				15E649D01DF6927C008779EA /* main.m in Sources */,
				15E649DC1DF6927C008779EA /* UserManagement.xcdatamodeld in Sources */,
			);
			runOnlyForDeploymentPostprocessing = 0;
		};
		15E649E31DF6927C008779EA /* Sources */ = {
			isa = PBXSourcesBuildPhase;
			buildActionMask = 2147483647;
			files = (
				15E649EC1DF6927C008779EA /* UserManagementTests.m in Sources */,
			);
			runOnlyForDeploymentPostprocessing = 0;
		};
		15E649EE1DF6927C008779EA /* Sources */ = {
			isa = PBXSourcesBuildPhase;
			buildActionMask = 2147483647;
			files = (
				15E649F71DF6927C008779EA /* UserManagementUITests.m in Sources */,
			);
			runOnlyForDeploymentPostprocessing = 0;
		};
/* End PBXSourcesBuildPhase section */

/* Begin PBXTargetDependency section */
		15E649E91DF6927C008779EA /* PBXTargetDependency */ = {
			isa = PBXTargetDependency;
			target = 15E649CA1DF6927C008779EA /* UserManagement */;
			targetProxy = 15E649E81DF6927C008779EA /* PBXContainerItemProxy */;
		};
		15E649F41DF6927C008779EA /* PBXTargetDependency */ = {
			isa = PBXTargetDependency;
			target = 15E649CA1DF6927C008779EA /* UserManagement */;
			targetProxy = 15E649F31DF6927C008779EA /* PBXContainerItemProxy */;
		};
/* End PBXTargetDependency section */

/* Begin PBXVariantGroup section */
		15E649D71DF6927C008779EA /* Main.storyboard */ = {
			isa = PBXVariantGroup;
			children = (
				15E649D81DF6927C008779EA /* Base */,
			);
			name = Main.storyboard;
			sourceTree = "<group>";
		};
		15E649DF1DF6927C008779EA /* LaunchScreen.storyboard */ = {
			isa = PBXVariantGroup;
			children = (
				15E649E01DF6927C008779EA /* Base */,
			);
			name = LaunchScreen.storyboard;
			sourceTree = "<group>";
		};
/* End PBXVariantGroup section */

/* Begin XCBuildConfiguration section */
		15E649F91DF6927C008779EA /* Debug */ = {
			isa = XCBuildConfiguration;
			buildSettings = {
				ALWAYS_SEARCH_USER_PATHS = NO;
				CLANG_ANALYZER_NONNULL = YES;
				CLANG_CXX_LANGUAGE_STANDARD = "gnu++0x";
				CLANG_CXX_LIBRARY = "libc++";
				CLANG_ENABLE_MODULES = YES;
				CLANG_ENABLE_OBJC_ARC = YES;
				CLANG_WARN_BOOL_CONVERSION = YES;
				CLANG_WARN_CONSTANT_CONVERSION = YES;
				CLANG_WARN_DIRECT_OBJC_ISA_USAGE = YES_ERROR;
				CLANG_WARN_EMPTY_BODY = YES;
				CLANG_WARN_ENUM_CONVERSION = YES;
				CLANG_WARN_INT_CONVERSION = YES;
				CLANG_WARN_OBJC_ROOT_CLASS = YES_ERROR;
				CLANG_WARN_UNREACHABLE_CODE = YES;
				CLANG_WARN__DUPLICATE_METHOD_MATCH = YES;
				"CODE_SIGN_IDENTITY[sdk=iphoneos*]" = "iPhone Developer";
				COPY_PHASE_STRIP = NO;
				DEBUG_INFORMATION_FORMAT = dwarf;
				ENABLE_STRICT_OBJC_MSGSEND = YES;
				ENABLE_TESTABILITY = YES;
				GCC_C_LANGUAGE_STANDARD = gnu99;
				GCC_DYNAMIC_NO_PIC = NO;
				GCC_NO_COMMON_BLOCKS = YES;
				GCC_OPTIMIZATION_LEVEL = 0;
				GCC_PREPROCESSOR_DEFINITIONS = (
					"DEBUG=1",
					"$(inherited)",
				);
				GCC_WARN_64_TO_32_BIT_CONVERSION = YES;
				GCC_WARN_ABOUT_RETURN_TYPE = YES_ERROR;
				GCC_WARN_UNDECLARED_SELECTOR = YES;
				GCC_WARN_UNINITIALIZED_AUTOS = YES_AGGRESSIVE;
				GCC_WARN_UNUSED_FUNCTION = YES;
				GCC_WARN_UNUSED_VARIABLE = YES;
				IPHONEOS_DEPLOYMENT_TARGET = 9.3;
				MTL_ENABLE_DEBUG_INFO = YES;
				ONLY_ACTIVE_ARCH = YES;
				SDKROOT = iphoneos;
			};
			name = Debug;
		};
		15E649FA1DF6927C008779EA /* Release */ = {
			isa = XCBuildConfiguration;
			buildSettings = {
				ALWAYS_SEARCH_USER_PATHS = NO;
				CLANG_ANALYZER_NONNULL = YES;
				CLANG_CXX_LANGUAGE_STANDARD = "gnu++0x";
				CLANG_CXX_LIBRARY = "libc++";
				CLANG_ENABLE_MODULES = YES;
				CLANG_ENABLE_OBJC_ARC = YES;
				CLANG_WARN_BOOL_CONVERSION = YES;
				CLANG_WARN_CONSTANT_CONVERSION = YES;
				CLANG_WARN_DIRECT_OBJC_ISA_USAGE = YES_ERROR;
				CLANG_WARN_EMPTY_BODY = YES;
				CLANG_WARN_ENUM_CONVERSION = YES;
				CLANG_WARN_INT_CONVERSION = YES;
				CLANG_WARN_OBJC_ROOT_CLASS = YES_ERROR;
				CLANG_WARN_UNREACHABLE_CODE = YES;
				CLANG_WARN__DUPLICATE_METHOD_MATCH = YES;
				"CODE_SIGN_IDENTITY[sdk=iphoneos*]" = "iPhone Developer";
				COPY_PHASE_STRIP = NO;
				DEBUG_INFORMATION_FORMAT = "dwarf-with-dsym";
				ENABLE_NS_ASSERTIONS = NO;
				ENABLE_STRICT_OBJC_MSGSEND = YES;
				GCC_C_LANGUAGE_STANDARD = gnu99;
				GCC_NO_COMMON_BLOCKS = YES;
				GCC_WARN_64_TO_32_BIT_CONVERSION = YES;
				GCC_WARN_ABOUT_RETURN_TYPE = YES_ERROR;
				GCC_WARN_UNDECLARED_SELECTOR = YES;
				GCC_WARN_UNINITIALIZED_AUTOS = YES_AGGRESSIVE;
				GCC_WARN_UNUSED_FUNCTION = YES;
				GCC_WARN_UNUSED_VARIABLE = YES;
				IPHONEOS_DEPLOYMENT_TARGET = 9.3;
				MTL_ENABLE_DEBUG_INFO = NO;
				SDKROOT = iphoneos;
				VALIDATE_PRODUCT = YES;
			};
			name = Release;
		};
		15E649FC1DF6927C008779EA /* Debug */ = {
			isa = XCBuildConfiguration;
			buildSettings = {
				ASSETCATALOG_COMPILER_APPICON_NAME = AppIcon;
				CODE_SIGN_IDENTITY = "iPhone Developer";
				INFOPLIST_FILE = UserManagement/Info.plist;
				LD_RUNPATH_SEARCH_PATHS = "$(inherited) @executable_path/Frameworks";
				PRODUCT_BUNDLE_IDENTIFIER = com.innoplexus.UserManagement;
				PRODUCT_NAME = "$(TARGET_NAME)";
				TARGETED_DEVICE_FAMILY = "1,2";
			};
			name = Debug;
		};
		15E649FD1DF6927C008779EA /* Release */ = {
			isa = XCBuildConfiguration;
			buildSettings = {
				ASSETCATALOG_COMPILER_APPICON_NAME = AppIcon;
				CODE_SIGN_IDENTITY = "iPhone Developer";
				INFOPLIST_FILE = UserManagement/Info.plist;
				LD_RUNPATH_SEARCH_PATHS = "$(inherited) @executable_path/Frameworks";
				PRODUCT_BUNDLE_IDENTIFIER = com.innoplexus.UserManagement;
				PRODUCT_NAME = "$(TARGET_NAME)";
				TARGETED_DEVICE_FAMILY = "1,2";
			};
			name = Release;
		};
		15E649FF1DF6927C008779EA /* Debug */ = {
			isa = XCBuildConfiguration;
			buildSettings = {
				BUNDLE_LOADER = "$(TEST_HOST)";
				INFOPLIST_FILE = UserManagementTests/Info.plist;
				LD_RUNPATH_SEARCH_PATHS = "$(inherited) @executable_path/Frameworks @loader_path/Frameworks";
				PRODUCT_BUNDLE_IDENTIFIER = com.innoplexus.UserManagementTests;
				PRODUCT_NAME = "$(TARGET_NAME)";
				TEST_HOST = "$(BUILT_PRODUCTS_DIR)/UserManagement.app/UserManagement";
			};
			name = Debug;
		};
		15E64A001DF6927C008779EA /* Release */ = {
			isa = XCBuildConfiguration;
			buildSettings = {
				BUNDLE_LOADER = "$(TEST_HOST)";
				INFOPLIST_FILE = UserManagementTests/Info.plist;
				LD_RUNPATH_SEARCH_PATHS = "$(inherited) @executable_path/Frameworks @loader_path/Frameworks";
				PRODUCT_BUNDLE_IDENTIFIER = com.innoplexus.UserManagementTests;
				PRODUCT_NAME = "$(TARGET_NAME)";
				TEST_HOST = "$(BUILT_PRODUCTS_DIR)/UserManagement.app/UserManagement";
			};
			name = Release;
		};
		15E64A021DF6927C008779EA /* Debug */ = {
			isa = XCBuildConfiguration;
			buildSettings = {
				INFOPLIST_FILE = UserManagementUITests/Info.plist;
				LD_RUNPATH_SEARCH_PATHS = "$(inherited) @executable_path/Frameworks @loader_path/Frameworks";
				PRODUCT_BUNDLE_IDENTIFIER = com.innoplexus.UserManagementUITests;
				PRODUCT_NAME = "$(TARGET_NAME)";
				TEST_TARGET_NAME = UserManagement;
			};
			name = Debug;
		};
		15E64A031DF6927C008779EA /* Release */ = {
			isa = XCBuildConfiguration;
			buildSettings = {
				INFOPLIST_FILE = UserManagementUITests/Info.plist;
				LD_RUNPATH_SEARCH_PATHS = "$(inherited) @executable_path/Frameworks @loader_path/Frameworks";
				PRODUCT_BUNDLE_IDENTIFIER = com.innoplexus.UserManagementUITests;
				PRODUCT_NAME = "$(TARGET_NAME)";
				TEST_TARGET_NAME = UserManagement;
			};
			name = Release;
		};
/* End XCBuildConfiguration section */

/* Begin XCConfigurationList section */
		15E649C61DF6927C008779EA /* Build configuration list for PBXProject "UserManagement" */ = {
			isa = XCConfigurationList;
			buildConfigurations = (
				15E649F91DF6927C008779EA /* Debug */,
				15E649FA1DF6927C008779EA /* Release */,
			);
			defaultConfigurationIsVisible = 0;
			defaultConfigurationName = Release;
		};
		15E649FB1DF6927C008779EA /* Build configuration list for PBXNativeTarget "UserManagement" */ = {
			isa = XCConfigurationList;
			buildConfigurations = (
				15E649FC1DF6927C008779EA /* Debug */,
				15E649FD1DF6927C008779EA /* Release */,
			);
			defaultConfigurationIsVisible = 0;
			defaultConfigurationName = Release;
		};
		15E649FE1DF6927C008779EA /* Build configuration list for PBXNativeTarget "UserManagementTests" */ = {
			isa = XCConfigurationList;
			buildConfigurations = (
				15E649FF1DF6927C008779EA /* Debug */,
				15E64A001DF6927C008779EA /* Release */,
			);
			defaultConfigurationIsVisible = 0;
			defaultConfigurationName = Release;
		};
		15E64A011DF6927C008779EA /* Build configuration list for PBXNativeTarget "UserManagementUITests" */ = {
			isa = XCConfigurationList;
			buildConfigurations = (
				15E64A021DF6927C008779EA /* Debug */,
				15E64A031DF6927C008779EA /* Release */,
			);
			defaultConfigurationIsVisible = 0;
			defaultConfigurationName = Release;
		};
/* End XCConfigurationList section */

/* Begin XCVersionGroup section */
		15E649DA1DF6927C008779EA /* UserManagement.xcdatamodeld */ = {
			isa = XCVersionGroup;
			children = (
				15E649DB1DF6927C008779EA /* UserManagement.xcdatamodel */,
			);
			currentVersion = 15E649DB1DF6927C008779EA /* UserManagement.xcdatamodel */;
			path = UserManagement.xcdatamodeld;
			sourceTree = "<group>";
			versionGroupType = wrapper.xcdatamodel;
		};
/* End XCVersionGroup section */
	};
	rootObject = 15E649C31DF6927C008779EA /* Project object */;
}
